
Microsoft Visual Studio Solution File, Format Version 12.00
# Visual Studio Version 16
VisualStudioVersion = 16.0.31205.134
MinimumVisualStudioVersion = 10.0.40219.1
Project("{9A19103F-16F7-4668-BE54-9A1E7A4F7556}") = "Codebelt.WebApp.Razor", "src\Codebelt.WebApp.Razor\Codebelt.WebApp.Razor.csproj", "{968C2109-E91D-4A62-B8AA-2A2E4034A1A7}"
EndProject
Project("{E53339B2-1760-4266-BCC7-CA923CBCF16C}") = "docker-compose", "docker-compose.dcproj", "{2ED64F38-1E85-4CDF-8B0D-6D53FF660304}"
EndProject
Global
	GlobalSection(SolutionConfigurationPlatforms) = preSolution
		Debug|Any CPU = Debug|Any CPU
		Release|Any CPU = Release|Any CPU
	EndGlobalSection
	GlobalSection(ProjectConfigurationPlatforms) = postSolution
		{968C2109-E91D-4A62-B8AA-2A2E4034A1A7}.Debug|Any CPU.ActiveCfg = Debug|Any CPU
		{968C2109-E91D-4A62-B8AA-2A2E4034A1A7}.Debug|Any CPU.Build.0 = Debug|Any CPU
		{968C2109-E91D-4A62-B8AA-2A2E4034A1A7}.Release|Any CPU.ActiveCfg = Release|Any CPU
		{968C2109-E91D-4A62-B8AA-2A2E4034A1A7}.Release|Any CPU.Build.0 = Release|Any CPU
		{2ED64F38-1E85-4CDF-8B0D-6D53FF660304}.Debug|Any CPU.ActiveCfg = Debug|Any CPU
		{2ED64F38-1E85-4CDF-8B0D-6D53FF660304}.Debug|Any CPU.Build.0 = Debug|Any CPU
		{2ED64F38-1E85-4CDF-8B0D-6D53FF660304}.Release|Any CPU.ActiveCfg = Release|Any CPU
		{2ED64F38-1E85-4CDF-8B0D-6D53FF660304}.Release|Any CPU.Build.0 = Release|Any CPU
	EndGlobalSection
	GlobalSection(SolutionProperties) = preSolution
		HideSolutionNode = FALSE
	EndGlobalSection
	GlobalSection(ExtensibilityGlobals) = postSolution
		SolutionGuid = {7389A9C4-4340-44A7-AB00-44A1BEB546FC}
	EndGlobalSection
EndGlobal
